<?xml version="1.0" encoding="utf-8"?>
<Project ToolsVersion="17.0" xmlns="http://schemas.microsoft.com/developer/msbuild/2003">
  <ItemGroup>
    <ClCompile Include="C:\Users\rdybs\Desktop\gitnstuff\P5\Onboard-SDK\antenna_dft\main.c">
      <Filter>Source Files</Filter>
    </ClCompile>
    <ClCompile Include="C:\Users\rdybs\Desktop\gitnstuff\P5\Onboard-SDK\antenna_dft\antenna.c">
      <Filter>Source Files</Filter>
    </ClCompile>
  </ItemGroup>
  <ItemGroup>
    <ClInclude Include="C:\Users\rdybs\Desktop\gitnstuff\P5\Onboard-SDK\antenna_dft\antenna.h">
      <Filter>Header Files</Filter>
    </ClInclude>
  </ItemGroup>
  <ItemGroup>
    <CustomBuild Include="C:\Users\rdybs\Desktop\gitnstuff\P5\Onboard-SDK\antenna_dft\CMakeLists.txt" />
  </ItemGroup>
  <ItemGroup>
    <Filter Include="Header Files">
      <UniqueIdentifier>{F5490D14-608F-3E97-B178-D216ECC96B6C}</UniqueIdentifier>
    </Filter>
    <Filter Include="Source Files">
      <UniqueIdentifier>{4827467C-F671-31EF-A5F1-E8EC2BACADF3}</UniqueIdentifier>
    </Filter>
  </ItemGroup>
</Project>
